
Microsoft Visual Studio Solution File, Format Version 12.00
# Visual Studio 2013
VisualStudioVersion = 12.0.21005.1
MinimumVisualStudioVersion = 10.0.40219.1
Project("{FAE04EC0-301F-11D3-BF4B-00C04F79EFBC}") = "MidiOut", "MidiOut.csproj", "{4D5528C3-3614-4A5D-A7FC-EB78229B2688}"
EndProject
Project("{FAE04EC0-301F-11D3-BF4B-00C04F79EFBC}") = "BlottoBeats", "..\BlottoBeats\BlottoBeats.csproj", "{0CD0CFF1-5997-4891-B2BB-4D38DC76C9B2}"
EndProject
Project("{FAE04EC0-301F-11D3-BF4B-00C04F79EFBC}") = "SongData", "..\Song\SongData.csproj", "{3F834156-7B00-4538-AC27-1FB8B615C591}"
EndProject
Project("{FAE04EC0-301F-11D3-BF4B-00C04F79EFBC}") = "Networking", "..\Networking\Networking.csproj", "{EFD41BCA-A637-4861-A0D7-7AF1B9669627}"
EndProject
Project("{FAE04EC0-301F-11D3-BF4B-00C04F79EFBC}") = "BlottoBeatsServer", "..\BlottoBeatsServer\BlottoBeatsServer.csproj", "{B1D7FCA9-BF95-4879-BC8D-C98EF784AC49}"
EndProject
Project("{FAE04EC0-301F-11D3-BF4B-00C04F79EFBC}") = "Generator", "..\Generator\Generator.csproj", "{4721FA28-7B1C-4035-849A-C366A7A915C7}"
EndProject
Global
	GlobalSection(SolutionConfigurationPlatforms) = preSolution
		Debug|Any CPU = Debug|Any CPU
		Release|Any CPU = Release|Any CPU
	EndGlobalSection
	GlobalSection(ProjectConfigurationPlatforms) = postSolution
		{4D5528C3-3614-4A5D-A7FC-EB78229B2688}.Debug|Any CPU.ActiveCfg = Debug|Any CPU
		{4D5528C3-3614-4A5D-A7FC-EB78229B2688}.Debug|Any CPU.Build.0 = Debug|Any CPU
		{4D5528C3-3614-4A5D-A7FC-EB78229B2688}.Release|Any CPU.ActiveCfg = Release|Any CPU
		{4D5528C3-3614-4A5D-A7FC-EB78229B2688}.Release|Any CPU.Build.0 = Release|Any CPU
		{0CD0CFF1-5997-4891-B2BB-4D38DC76C9B2}.Debug|Any CPU.ActiveCfg = Debug|Any CPU
		{0CD0CFF1-5997-4891-B2BB-4D38DC76C9B2}.Debug|Any CPU.Build.0 = Debug|Any CPU
		{0CD0CFF1-5997-4891-B2BB-4D38DC76C9B2}.Release|Any CPU.ActiveCfg = Release|Any CPU
		{0CD0CFF1-5997-4891-B2BB-4D38DC76C9B2}.Release|Any CPU.Build.0 = Release|Any CPU
		{3F834156-7B00-4538-AC27-1FB8B615C591}.Debug|Any CPU.ActiveCfg = Debug|Any CPU
		{3F834156-7B00-4538-AC27-1FB8B615C591}.Debug|Any CPU.Build.0 = Debug|Any CPU
		{3F834156-7B00-4538-AC27-1FB8B615C591}.Release|Any CPU.ActiveCfg = Release|Any CPU
		{3F834156-7B00-4538-AC27-1FB8B615C591}.Release|Any CPU.Build.0 = Release|Any CPU
		{EFD41BCA-A637-4861-A0D7-7AF1B9669627}.Debug|Any CPU.ActiveCfg = Debug|Any CPU
		{EFD41BCA-A637-4861-A0D7-7AF1B9669627}.Debug|Any CPU.Build.0 = Debug|Any CPU
		{EFD41BCA-A637-4861-A0D7-7AF1B9669627}.Release|Any CPU.ActiveCfg = Release|Any CPU
		{EFD41BCA-A637-4861-A0D7-7AF1B9669627}.Release|Any CPU.Build.0 = Release|Any CPU
		{B1D7FCA9-BF95-4879-BC8D-C98EF784AC49}.Debug|Any CPU.ActiveCfg = Debug|Any CPU
		{B1D7FCA9-BF95-4879-BC8D-C98EF784AC49}.Debug|Any CPU.Build.0 = Debug|Any CPU
		{B1D7FCA9-BF95-4879-BC8D-C98EF784AC49}.Release|Any CPU.ActiveCfg = Release|Any CPU
		{B1D7FCA9-BF95-4879-BC8D-C98EF784AC49}.Release|Any CPU.Build.0 = Release|Any CPU
		{4721FA28-7B1C-4035-849A-C366A7A915C7}.Debug|Any CPU.ActiveCfg = Debug|Any CPU
		{4721FA28-7B1C-4035-849A-C366A7A915C7}.Debug|Any CPU.Build.0 = Debug|Any CPU
		{4721FA28-7B1C-4035-849A-C366A7A915C7}.Release|Any CPU.ActiveCfg = Release|Any CPU
		{4721FA28-7B1C-4035-849A-C366A7A915C7}.Release|Any CPU.Build.0 = Release|Any CPU
	EndGlobalSection
	GlobalSection(SolutionProperties) = preSolution
		HideSolutionNode = FALSE
	EndGlobalSection
EndGlobal
