
Microsoft Visual Studio Solution File, Format Version 12.00
# Visual Studio 2013
VisualStudioVersion = 12.0.21005.1
MinimumVisualStudioVersion = 10.0.40219.1
Project("{FAE04EC0-301F-11D3-BF4B-00C04F79EFBC}") = "BlottoBeats", "BlottoBeats\BlottoBeats.csproj", "{0CD0CFF1-5997-4891-B2BB-4D38DC76C9B2}"
	ProjectSection(ProjectDependencies) = postProject
		{3F834156-7B00-4538-AC27-1FB8B615C591} = {3F834156-7B00-4538-AC27-1FB8B615C591}
		{EFD41BCA-A637-4861-A0D7-7AF1B9669627} = {EFD41BCA-A637-4861-A0D7-7AF1B9669627}
	EndProjectSection
EndProject
Project("{FAE04EC0-301F-11D3-BF4B-00C04F79EFBC}") = "BlottoBeatsServer", "BlottoBeatsServer\BlottoBeatsServer.csproj", "{B1D7FCA9-BF95-4879-BC8D-C98EF784AC49}"
	ProjectSection(ProjectDependencies) = postProject
		{3F834156-7B00-4538-AC27-1FB8B615C591} = {3F834156-7B00-4538-AC27-1FB8B615C591}
		{EFD41BCA-A637-4861-A0D7-7AF1B9669627} = {EFD41BCA-A637-4861-A0D7-7AF1B9669627}
	EndProjectSection
EndProject
Project("{FAE04EC0-301F-11D3-BF4B-00C04F79EFBC}") = "Networking", "Networking\Networking.csproj", "{EFD41BCA-A637-4861-A0D7-7AF1B9669627}"
	ProjectSection(ProjectDependencies) = postProject
		{3F834156-7B00-4538-AC27-1FB8B615C591} = {3F834156-7B00-4538-AC27-1FB8B615C591}
	EndProjectSection
EndProject
Project("{FAE04EC0-301F-11D3-BF4B-00C04F79EFBC}") = "SongData", "Song\SongData.csproj", "{3F834156-7B00-4538-AC27-1FB8B615C591}"
EndProject
Project("{FAE04EC0-301F-11D3-BF4B-00C04F79EFBC}") = "Generator", "Generator\Generator.csproj", "{4721FA28-7B1C-4035-849A-C366A7A915C7}"
EndProject
Global
	GlobalSection(SolutionConfigurationPlatforms) = preSolution
		Debug|Any CPU = Debug|Any CPU
		Debug|Mixed Platforms = Debug|Mixed Platforms
		Debug|Win32 = Debug|Win32
		Release|Any CPU = Release|Any CPU
		Release|Mixed Platforms = Release|Mixed Platforms
		Release|Win32 = Release|Win32
	EndGlobalSection
	GlobalSection(ProjectConfigurationPlatforms) = postSolution
		{0CD0CFF1-5997-4891-B2BB-4D38DC76C9B2}.Debug|Any CPU.ActiveCfg = Debug|Any CPU
		{0CD0CFF1-5997-4891-B2BB-4D38DC76C9B2}.Debug|Any CPU.Build.0 = Debug|Any CPU
		{0CD0CFF1-5997-4891-B2BB-4D38DC76C9B2}.Debug|Mixed Platforms.ActiveCfg = Debug|Any CPU
		{0CD0CFF1-5997-4891-B2BB-4D38DC76C9B2}.Debug|Mixed Platforms.Build.0 = Debug|Any CPU
		{0CD0CFF1-5997-4891-B2BB-4D38DC76C9B2}.Debug|Win32.ActiveCfg = Debug|Any CPU
		{0CD0CFF1-5997-4891-B2BB-4D38DC76C9B2}.Release|Any CPU.ActiveCfg = Release|Any CPU
		{0CD0CFF1-5997-4891-B2BB-4D38DC76C9B2}.Release|Any CPU.Build.0 = Release|Any CPU
		{0CD0CFF1-5997-4891-B2BB-4D38DC76C9B2}.Release|Mixed Platforms.ActiveCfg = Release|Any CPU
		{0CD0CFF1-5997-4891-B2BB-4D38DC76C9B2}.Release|Mixed Platforms.Build.0 = Release|Any CPU
		{0CD0CFF1-5997-4891-B2BB-4D38DC76C9B2}.Release|Win32.ActiveCfg = Release|Any CPU
		{B1D7FCA9-BF95-4879-BC8D-C98EF784AC49}.Debug|Any CPU.ActiveCfg = Debug|Any CPU
		{B1D7FCA9-BF95-4879-BC8D-C98EF784AC49}.Debug|Any CPU.Build.0 = Debug|Any CPU
		{B1D7FCA9-BF95-4879-BC8D-C98EF784AC49}.Debug|Mixed Platforms.ActiveCfg = Debug|Any CPU
		{B1D7FCA9-BF95-4879-BC8D-C98EF784AC49}.Debug|Mixed Platforms.Build.0 = Debug|Any CPU
		{B1D7FCA9-BF95-4879-BC8D-C98EF784AC49}.Debug|Win32.ActiveCfg = Debug|Any CPU
		{B1D7FCA9-BF95-4879-BC8D-C98EF784AC49}.Release|Any CPU.ActiveCfg = Release|Any CPU
		{B1D7FCA9-BF95-4879-BC8D-C98EF784AC49}.Release|Any CPU.Build.0 = Release|Any CPU
		{B1D7FCA9-BF95-4879-BC8D-C98EF784AC49}.Release|Mixed Platforms.ActiveCfg = Release|Any CPU
		{B1D7FCA9-BF95-4879-BC8D-C98EF784AC49}.Release|Mixed Platforms.Build.0 = Release|Any CPU
		{B1D7FCA9-BF95-4879-BC8D-C98EF784AC49}.Release|Win32.ActiveCfg = Release|Any CPU
		{EFD41BCA-A637-4861-A0D7-7AF1B9669627}.Debug|Any CPU.ActiveCfg = Debug|Any CPU
		{EFD41BCA-A637-4861-A0D7-7AF1B9669627}.Debug|Any CPU.Build.0 = Debug|Any CPU
		{EFD41BCA-A637-4861-A0D7-7AF1B9669627}.Debug|Mixed Platforms.ActiveCfg = Debug|Any CPU
		{EFD41BCA-A637-4861-A0D7-7AF1B9669627}.Debug|Mixed Platforms.Build.0 = Debug|Any CPU
		{EFD41BCA-A637-4861-A0D7-7AF1B9669627}.Debug|Win32.ActiveCfg = Debug|Any CPU
		{EFD41BCA-A637-4861-A0D7-7AF1B9669627}.Release|Any CPU.ActiveCfg = Release|Any CPU
		{EFD41BCA-A637-4861-A0D7-7AF1B9669627}.Release|Any CPU.Build.0 = Release|Any CPU
		{EFD41BCA-A637-4861-A0D7-7AF1B9669627}.Release|Mixed Platforms.ActiveCfg = Release|Any CPU
		{EFD41BCA-A637-4861-A0D7-7AF1B9669627}.Release|Mixed Platforms.Build.0 = Release|Any CPU
		{EFD41BCA-A637-4861-A0D7-7AF1B9669627}.Release|Win32.ActiveCfg = Release|Any CPU
		{3F834156-7B00-4538-AC27-1FB8B615C591}.Debug|Any CPU.ActiveCfg = Debug|Any CPU
		{3F834156-7B00-4538-AC27-1FB8B615C591}.Debug|Any CPU.Build.0 = Debug|Any CPU
		{3F834156-7B00-4538-AC27-1FB8B615C591}.Debug|Mixed Platforms.ActiveCfg = Debug|Any CPU
		{3F834156-7B00-4538-AC27-1FB8B615C591}.Debug|Mixed Platforms.Build.0 = Debug|Any CPU
		{3F834156-7B00-4538-AC27-1FB8B615C591}.Debug|Win32.ActiveCfg = Debug|Any CPU
		{3F834156-7B00-4538-AC27-1FB8B615C591}.Release|Any CPU.ActiveCfg = Release|Any CPU
		{3F834156-7B00-4538-AC27-1FB8B615C591}.Release|Any CPU.Build.0 = Release|Any CPU
		{3F834156-7B00-4538-AC27-1FB8B615C591}.Release|Mixed Platforms.ActiveCfg = Release|Any CPU
		{3F834156-7B00-4538-AC27-1FB8B615C591}.Release|Mixed Platforms.Build.0 = Release|Any CPU
		{3F834156-7B00-4538-AC27-1FB8B615C591}.Release|Win32.ActiveCfg = Release|Any CPU
		{4721FA28-7B1C-4035-849A-C366A7A915C7}.Debug|Any CPU.ActiveCfg = Debug|Any CPU
		{4721FA28-7B1C-4035-849A-C366A7A915C7}.Debug|Any CPU.Build.0 = Debug|Any CPU
		{4721FA28-7B1C-4035-849A-C366A7A915C7}.Debug|Mixed Platforms.ActiveCfg = Debug|Any CPU
		{4721FA28-7B1C-4035-849A-C366A7A915C7}.Debug|Mixed Platforms.Build.0 = Debug|Any CPU
		{4721FA28-7B1C-4035-849A-C366A7A915C7}.Debug|Win32.ActiveCfg = Debug|Any CPU
		{4721FA28-7B1C-4035-849A-C366A7A915C7}.Release|Any CPU.ActiveCfg = Release|Any CPU
		{4721FA28-7B1C-4035-849A-C366A7A915C7}.Release|Any CPU.Build.0 = Release|Any CPU
		{4721FA28-7B1C-4035-849A-C366A7A915C7}.Release|Mixed Platforms.ActiveCfg = Release|Any CPU
		{4721FA28-7B1C-4035-849A-C366A7A915C7}.Release|Mixed Platforms.Build.0 = Release|Any CPU
		{4721FA28-7B1C-4035-849A-C366A7A915C7}.Release|Win32.ActiveCfg = Release|Any CPU
	EndGlobalSection
	GlobalSection(SolutionProperties) = preSolution
		HideSolutionNode = FALSE
	EndGlobalSection
EndGlobal
